// !$*UTF8*$!
{
	archiveVersion = 1;
	classes = {
	};
	objectVersion = 56;
	objects = {

/* Begin PBXBuildFile section */
		265517B92A29AC7200850167 /* Ex_SwiftUIApp.swift in Sources */ = {isa = PBXBuildFile; fileRef = 265517B82A29AC7200850167 /* Ex_SwiftUIApp.swift */; };
		265517BB2A29AC7200850167 /* ContentView.swift in Sources */ = {isa = PBXBuildFile; fileRef = 265517BA2A29AC7200850167 /* ContentView.swift */; };
		265517BD2A29AC7400850167 /* Assets.xcassets in Resources */ = {isa = PBXBuildFile; fileRef = 265517BC2A29AC7400850167 /* Assets.xcassets */; };
		265517C02A29AC7400850167 /* Preview Assets.xcassets in Resources */ = {isa = PBXBuildFile; fileRef = 265517BF2A29AC7400850167 /* Preview Assets.xcassets */; };
		265517CA2A29AC7400850167 /* Ex_SwiftUITests.swift in Sources */ = {isa = PBXBuildFile; fileRef = 265517C92A29AC7400850167 /* Ex_SwiftUITests.swift */; };
		265517D42A29AC7400850167 /* Ex_SwiftUIUITests.swift in Sources */ = {isa = PBXBuildFile; fileRef = 265517D32A29AC7400850167 /* Ex_SwiftUIUITests.swift */; };
		265517D62A29AC7400850167 /* Ex_SwiftUIUITestsLaunchTests.swift in Sources */ = {isa = PBXBuildFile; fileRef = 265517D52A29AC7400850167 /* Ex_SwiftUIUITestsLaunchTests.swift */; };
/* End PBXBuildFile section */

/* Begin PBXContainerItemProxy section */
		265517C62A29AC7400850167 /* PBXContainerItemProxy */ = {
			isa = PBXContainerItemProxy;
			containerPortal = 265517AD2A29AC7200850167 /* Project object */;
			proxyType = 1;
			remoteGlobalIDString = 265517B42A29AC7200850167;
			remoteInfo = Ex_SwiftUI;
		};
		265517D02A29AC7400850167 /* PBXContainerItemProxy */ = {
			isa = PBXContainerItemProxy;
			containerPortal = 265517AD2A29AC7200850167 /* Project object */;
			proxyType = 1;
			remoteGlobalIDString = 265517B42A29AC7200850167;
			remoteInfo = Ex_SwiftUI;
		};
/* End PBXContainerItemProxy section */

/* Begin PBXFileReference section */
		265517B52A29AC7200850167 /* Ex_SwiftUI.app */ = {isa = PBXFileReference; explicitFileType = wrapper.application; includeInIndex = 0; path = Ex_SwiftUI.app; sourceTree = BUILT_PRODUCTS_DIR; };
		265517B82A29AC7200850167 /* Ex_SwiftUIApp.swift */ = {isa = PBXFileReference; lastKnownFileType = sourcecode.swift; path = Ex_SwiftUIApp.swift; sourceTree = "<group>"; };
		265517BA2A29AC7200850167 /* ContentView.swift */ = {isa = PBXFileReference; lastKnownFileType = sourcecode.swift; path = ContentView.swift; sourceTree = "<group>"; };
		265517BC2A29AC7400850167 /* Assets.xcassets */ = {isa = PBXFileReference; lastKnownFileType = folder.assetcatalog; path = Assets.xcassets; sourceTree = "<group>"; };
		265517BF2A29AC7400850167 /* Preview Assets.xcassets */ = {isa = PBXFileReference; lastKnownFileType = folder.assetcatalog; path = "Preview Assets.xcassets"; sourceTree = "<group>"; };
		265517C52A29AC7400850167 /* Ex_SwiftUITests.xctest */ = {isa = PBXFileReference; explicitFileType = wrapper.cfbundle; includeInIndex = 0; path = Ex_SwiftUITests.xctest; sourceTree = BUILT_PRODUCTS_DIR; };
		265517C92A29AC7400850167 /* Ex_SwiftUITests.swift */ = {isa = PBXFileReference; lastKnownFileType = sourcecode.swift; path = Ex_SwiftUITests.swift; sourceTree = "<group>"; };
		265517CF2A29AC7400850167 /* Ex_SwiftUIUITests.xctest */ = {isa = PBXFileReference; explicitFileType = wrapper.cfbundle; includeInIndex = 0; path = Ex_SwiftUIUITests.xctest; sourceTree = BUILT_PRODUCTS_DIR; };
		265517D32A29AC7400850167 /* Ex_SwiftUIUITests.swift */ = {isa = PBXFileReference; lastKnownFileType = sourcecode.swift; path = Ex_SwiftUIUITests.swift; sourceTree = "<group>"; };
		265517D52A29AC7400850167 /* Ex_SwiftUIUITestsLaunchTests.swift */ = {isa = PBXFileReference; lastKnownFileType = sourcecode.swift; path = Ex_SwiftUIUITestsLaunchTests.swift; sourceTree = "<group>"; };
/* End PBXFileReference section */

/* Begin PBXFrameworksBuildPhase section */
		265517B22A29AC7200850167 /* Frameworks */ = {
			isa = PBXFrameworksBuildPhase;
			buildActionMask = 2147483647;
			files = (
			);
			runOnlyForDeploymentPostprocessing = 0;
		};
		265517C22A29AC7400850167 /* Frameworks */ = {
			isa = PBXFrameworksBuildPhase;
			buildActionMask = 2147483647;
			files = (
			);
			runOnlyForDeploymentPostprocessing = 0;
		};
		265517CC2A29AC7400850167 /* Frameworks */ = {
			isa = PBXFrameworksBuildPhase;
			buildActionMask = 2147483647;
			files = (
			);
			runOnlyForDeploymentPostprocessing = 0;
		};
/* End PBXFrameworksBuildPhase section */

/* Begin PBXGroup section */
		265517AC2A29AC7200850167 = {
			isa = PBXGroup;
			children = (
				265517B72A29AC7200850167 /* Ex_SwiftUI */,
				265517C82A29AC7400850167 /* Ex_SwiftUITests */,
				265517D22A29AC7400850167 /* Ex_SwiftUIUITests */,
				265517B62A29AC7200850167 /* Products */,
			);
			sourceTree = "<group>";
		};
		265517B62A29AC7200850167 /* Products */ = {
			isa = PBXGroup;
			children = (
				265517B52A29AC7200850167 /* Ex_SwiftUI.app */,
				265517C52A29AC7400850167 /* Ex_SwiftUITests.xctest */,
				265517CF2A29AC7400850167 /* Ex_SwiftUIUITests.xctest */,
			);
			name = Products;
			sourceTree = "<group>";
		};
		265517B72A29AC7200850167 /* Ex_SwiftUI */ = {
			isa = PBXGroup;
			children = (
				265517B82A29AC7200850167 /* Ex_SwiftUIApp.swift */,
				265517BA2A29AC7200850167 /* ContentView.swift */,
				265517BC2A29AC7400850167 /* Assets.xcassets */,
				265517BE2A29AC7400850167 /* Preview Content */,
			);
			path = Ex_SwiftUI;
			sourceTree = "<group>";
		};
		265517BE2A29AC7400850167 /* Preview Content */ = {
			isa = PBXGroup;
			children = (
				265517BF2A29AC7400850167 /* Preview Assets.xcassets */,
			);
			path = "Preview Content";
			sourceTree = "<group>";
		};
		265517C82A29AC7400850167 /* Ex_SwiftUITests */ = {
			isa = PBXGroup;
			children = (
				265517C92A29AC7400850167 /* Ex_SwiftUITests.swift */,
			);
			path = Ex_SwiftUITests;
			sourceTree = "<group>";
		};
		265517D22A29AC7400850167 /* Ex_SwiftUIUITests */ = {
			isa = PBXGroup;
			children = (
				265517D32A29AC7400850167 /* Ex_SwiftUIUITests.swift */,
				265517D52A29AC7400850167 /* Ex_SwiftUIUITestsLaunchTests.swift */,
			);
			path = Ex_SwiftUIUITests;
			sourceTree = "<group>";
		};
/* End PBXGroup section */

/* Begin PBXNativeTarget section */
		265517B42A29AC7200850167 /* Ex_SwiftUI */ = {
			isa = PBXNativeTarget;
			buildConfigurationList = 265517D92A29AC7400850167 /* Build configuration list for PBXNativeTarget "Ex_SwiftUI" */;
			buildPhases = (
				265517B12A29AC7200850167 /* Sources */,
				265517B22A29AC7200850167 /* Frameworks */,
				265517B32A29AC7200850167 /* Resources */,
			);
			buildRules = (
			);
			dependencies = (
			);
			name = Ex_SwiftUI;
			productName = Ex_SwiftUI;
			productReference = 265517B52A29AC7200850167 /* Ex_SwiftUI.app */;
			productType = "com.apple.product-type.application";
		};
		265517C42A29AC7400850167 /* Ex_SwiftUITests */ = {
			isa = PBXNativeTarget;
			buildConfigurationList = 265517DC2A29AC7400850167 /* Build configuration list for PBXNativeTarget "Ex_SwiftUITests" */;
			buildPhases = (
				265517C12A29AC7400850167 /* Sources */,
				265517C22A29AC7400850167 /* Frameworks */,
				265517C32A29AC7400850167 /* Resources */,
			);
			buildRules = (
			);
			dependencies = (
				265517C72A29AC7400850167 /* PBXTargetDependency */,
			);
			name = Ex_SwiftUITests;
			productName = Ex_SwiftUITests;
			productReference = 265517C52A29AC7400850167 /* Ex_SwiftUITests.xctest */;
			productType = "com.apple.product-type.bundle.unit-test";
		};
		265517CE2A29AC7400850167 /* Ex_SwiftUIUITests */ = {
			isa = PBXNativeTarget;
			buildConfigurationList = 265517DF2A29AC7400850167 /* Build configuration list for PBXNativeTarget "Ex_SwiftUIUITests" */;
			buildPhases = (
				265517CB2A29AC7400850167 /* Sources */,
				265517CC2A29AC7400850167 /* Frameworks */,
				265517CD2A29AC7400850167 /* Resources */,
			);
			buildRules = (
			);
			dependencies = (
				265517D12A29AC7400850167 /* PBXTargetDependency */,
			);
			name = Ex_SwiftUIUITests;
			productName = Ex_SwiftUIUITests;
			productReference = 265517CF2A29AC7400850167 /* Ex_SwiftUIUITests.xctest */;
			productType = "com.apple.product-type.bundle.ui-testing";
		};
/* End PBXNativeTarget section */

/* Begin PBXProject section */
		265517AD2A29AC7200850167 /* Project object */ = {
			isa = PBXProject;
			attributes = {
				BuildIndependentTargetsInParallel = 1;
				LastSwiftUpdateCheck = 1430;
				LastUpgradeCheck = 1430;
				TargetAttributes = {
					265517B42A29AC7200850167 = {
						CreatedOnToolsVersion = 14.3;
					};
					265517C42A29AC7400850167 = {
						CreatedOnToolsVersion = 14.3;
						TestTargetID = 265517B42A29AC7200850167;
					};
					265517CE2A29AC7400850167 = {
						CreatedOnToolsVersion = 14.3;
						TestTargetID = 265517B42A29AC7200850167;
					};
				};
			};
			buildConfigurationList = 265517B02A29AC7200850167 /* Build configuration list for PBXProject "Ex_SwiftUI" */;
			compatibilityVersion = "Xcode 14.0";
			developmentRegion = en;
			hasScannedForEncodings = 0;
			knownRegions = (
				en,
				Base,
			);
			mainGroup = 265517AC2A29AC7200850167;
			productRefGroup = 265517B62A29AC7200850167 /* Products */;
			projectDirPath = "";
			projectRoot = "";
			targets = (
				265517B42A29AC7200850167 /* Ex_SwiftUI */,
				265517C42A29AC7400850167 /* Ex_SwiftUITests */,
				265517CE2A29AC7400850167 /* Ex_SwiftUIUITests */,
			);
		};
/* End PBXProject section */

/* Begin PBXResourcesBuildPhase section */
		265517B32A29AC7200850167 /* Resources */ = {
			isa = PBXResourcesBuildPhase;
			buildActionMask = 2147483647;
			files = (
				265517C02A29AC7400850167 /* Preview Assets.xcassets in Resources */,
				265517BD2A29AC7400850167 /* Assets.xcassets in Resources */,
			);
			runOnlyForDeploymentPostprocessing = 0;
		};
		265517C32A29AC7400850167 /* Resources */ = {
			isa = PBXResourcesBuildPhase;
			buildActionMask = 2147483647;
			files = (
			);
			runOnlyForDeploymentPostprocessing = 0;
		};
		265517CD2A29AC7400850167 /* Resources */ = {
			isa = PBXResourcesBuildPhase;
			buildActionMask = 2147483647;
			files = (
			);
			runOnlyForDeploymentPostprocessing = 0;
		};
/* End PBXResourcesBuildPhase section */

/* Begin PBXSourcesBuildPhase section */
		265517B12A29AC7200850167 /* Sources */ = {
			isa = PBXSourcesBuildPhase;
			buildActionMask = 2147483647;
			files = (
				265517BB2A29AC7200850167 /* ContentView.swift in Sources */,
				265517B92A29AC7200850167 /* Ex_SwiftUIApp.swift in Sources */,
			);
			runOnlyForDeploymentPostprocessing = 0;
		};
		265517C12A29AC7400850167 /* Sources */ = {
			isa = PBXSourcesBuildPhase;
			buildActionMask = 2147483647;
			files = (
				265517CA2A29AC7400850167 /* Ex_SwiftUITests.swift in Sources */,
			);
			runOnlyForDeploymentPostprocessing = 0;
		};
		265517CB2A29AC7400850167 /* Sources */ = {
			isa = PBXSourcesBuildPhase;
			buildActionMask = 2147483647;
			files = (
				265517D42A29AC7400850167 /* Ex_SwiftUIUITests.swift in Sources */,
				265517D62A29AC7400850167 /* Ex_SwiftUIUITestsLaunchTests.swift in Sources */,
			);
			runOnlyForDeploymentPostprocessing = 0;
		};
/* End PBXSourcesBuildPhase section */

/* Begin PBXTargetDependency section */
		265517C72A29AC7400850167 /* PBXTargetDependency */ = {
			isa = PBXTargetDependency;
			target = 265517B42A29AC7200850167 /* Ex_SwiftUI */;
			targetProxy = 265517C62A29AC7400850167 /* PBXContainerItemProxy */;
		};
		265517D12A29AC7400850167 /* PBXTargetDependency */ = {
			isa = PBXTargetDependency;
			target = 265517B42A29AC7200850167 /* Ex_SwiftUI */;
			targetProxy = 265517D02A29AC7400850167 /* PBXContainerItemProxy */;
		};
/* End PBXTargetDependency section */

/* Begin XCBuildConfiguration section */
		265517D72A29AC7400850167 /* Debug */ = {
			isa = XCBuildConfiguration;
			buildSettings = {
				ALWAYS_SEARCH_USER_PATHS = NO;
				CLANG_ANALYZER_NONNULL = YES;
				CLANG_ANALYZER_NUMBER_OBJECT_CONVERSION = YES_AGGRESSIVE;
				CLANG_CXX_LANGUAGE_STANDARD = "gnu++20";
				CLANG_ENABLE_MODULES = YES;
				CLANG_ENABLE_OBJC_ARC = YES;
				CLANG_ENABLE_OBJC_WEAK = YES;
				CLANG_WARN_BLOCK_CAPTURE_AUTORELEASING = YES;
				CLANG_WARN_BOOL_CONVERSION = YES;
				CLANG_WARN_COMMA = YES;
				CLANG_WARN_CONSTANT_CONVERSION = YES;
				CLANG_WARN_DEPRECATED_OBJC_IMPLEMENTATIONS = YES;
				CLANG_WARN_DIRECT_OBJC_ISA_USAGE = YES_ERROR;
				CLANG_WARN_DOCUMENTATION_COMMENTS = YES;
				CLANG_WARN_EMPTY_BODY = YES;
				CLANG_WARN_ENUM_CONVERSION = YES;
				CLANG_WARN_INFINITE_RECURSION = YES;
				CLANG_WARN_INT_CONVERSION = YES;
				CLANG_WARN_NON_LITERAL_NULL_CONVERSION = YES;
				CLANG_WARN_OBJC_IMPLICIT_RETAIN_SELF = YES;
				CLANG_WARN_OBJC_LITERAL_CONVERSION = YES;
				CLANG_WARN_OBJC_ROOT_CLASS = YES_ERROR;
				CLANG_WARN_QUOTED_INCLUDE_IN_FRAMEWORK_HEADER = YES;
				CLANG_WARN_RANGE_LOOP_ANALYSIS = YES;
				CLANG_WARN_STRICT_PROTOTYPES = YES;
				CLANG_WARN_SUSPICIOUS_MOVE = YES;
				CLANG_WARN_UNGUARDED_AVAILABILITY = YES_AGGRESSIVE;
				CLANG_WARN_UNREACHABLE_CODE = YES;
				CLANG_WARN__DUPLICATE_METHOD_MATCH = YES;
				COPY_PHASE_STRIP = NO;
				DEBUG_INFORMATION_FORMAT = dwarf;
				ENABLE_STRICT_OBJC_MSGSEND = YES;
				ENABLE_TESTABILITY = YES;
				GCC_C_LANGUAGE_STANDARD = gnu11;
				GCC_DYNAMIC_NO_PIC = NO;
				GCC_NO_COMMON_BLOCKS = YES;
				GCC_OPTIMIZATION_LEVEL = 0;
				GCC_PREPROCESSOR_DEFINITIONS = (
					"DEBUG=1",
					"$(inherited)",
				);
				GCC_WARN_64_TO_32_BIT_CONVERSION = YES;
				GCC_WARN_ABOUT_RETURN_TYPE = YES_ERROR;
				GCC_WARN_UNDECLARED_SELECTOR = YES;
				GCC_WARN_UNINITIALIZED_AUTOS = YES_AGGRESSIVE;
				GCC_WARN_UNUSED_FUNCTION = YES;
				GCC_WARN_UNUSED_VARIABLE = YES;
				IPHONEOS_DEPLOYMENT_TARGET = 16.4;
				MTL_ENABLE_DEBUG_INFO = INCLUDE_SOURCE;
				MTL_FAST_MATH = YES;
				ONLY_ACTIVE_ARCH = YES;
				SDKROOT = iphoneos;
				SWIFT_ACTIVE_COMPILATION_CONDITIONS = DEBUG;
				SWIFT_OPTIMIZATION_LEVEL = "-Onone";
			};
			name = Debug;
		};
		265517D82A29AC7400850167 /* Release */ = {
			isa = XCBuildConfiguration;
			buildSettings = {
				ALWAYS_SEARCH_USER_PATHS = NO;
				CLANG_ANALYZER_NONNULL = YES;
				CLANG_ANALYZER_NUMBER_OBJECT_CONVERSION = YES_AGGRESSIVE;
				CLANG_CXX_LANGUAGE_STANDARD = "gnu++20";
				CLANG_ENABLE_MODULES = YES;
				CLANG_ENABLE_OBJC_ARC = YES;
				CLANG_ENABLE_OBJC_WEAK = YES;
				CLANG_WARN_BLOCK_CAPTURE_AUTORELEASING = YES;
				CLANG_WARN_BOOL_CONVERSION = YES;
				CLANG_WARN_COMMA = YES;
				CLANG_WARN_CONSTANT_CONVERSION = YES;
				CLANG_WARN_DEPRECATED_OBJC_IMPLEMENTATIONS = YES;
				CLANG_WARN_DIRECT_OBJC_ISA_USAGE = YES_ERROR;
				CLANG_WARN_DOCUMENTATION_COMMENTS = YES;
				CLANG_WARN_EMPTY_BODY = YES;
				CLANG_WARN_ENUM_CONVERSION = YES;
				CLANG_WARN_INFINITE_RECURSION = YES;
				CLANG_WARN_INT_CONVERSION = YES;
				CLANG_WARN_NON_LITERAL_NULL_CONVERSION = YES;
				CLANG_WARN_OBJC_IMPLICIT_RETAIN_SELF = YES;
				CLANG_WARN_OBJC_LITERAL_CONVERSION = YES;
				CLANG_WARN_OBJC_ROOT_CLASS = YES_ERROR;
				CLANG_WARN_QUOTED_INCLUDE_IN_FRAMEWORK_HEADER = YES;
				CLANG_WARN_RANGE_LOOP_ANALYSIS = YES;
				CLANG_WARN_STRICT_PROTOTYPES = YES;
				CLANG_WARN_SUSPICIOUS_MOVE = YES;
				CLANG_WARN_UNGUARDED_AVAILABILITY = YES_AGGRESSIVE;
				CLANG_WARN_UNREACHABLE_CODE = YES;
				CLANG_WARN__DUPLICATE_METHOD_MATCH = YES;
				COPY_PHASE_STRIP = NO;
				DEBUG_INFORMATION_FORMAT = "dwarf-with-dsym";
				ENABLE_NS_ASSERTIONS = NO;
				ENABLE_STRICT_OBJC_MSGSEND = YES;
				GCC_C_LANGUAGE_STANDARD = gnu11;
				GCC_NO_COMMON_BLOCKS = YES;
				GCC_WARN_64_TO_32_BIT_CONVERSION = YES;
				GCC_WARN_ABOUT_RETURN_TYPE = YES_ERROR;
				GCC_WARN_UNDECLARED_SELECTOR = YES;
				GCC_WARN_UNINITIALIZED_AUTOS = YES_AGGRESSIVE;
				GCC_WARN_UNUSED_FUNCTION = YES;
				GCC_WARN_UNUSED_VARIABLE = YES;
				IPHONEOS_DEPLOYMENT_TARGET = 16.4;
				MTL_ENABLE_DEBUG_INFO = NO;
				MTL_FAST_MATH = YES;
				SDKROOT = iphoneos;
				SWIFT_COMPILATION_MODE = wholemodule;
				SWIFT_OPTIMIZATION_LEVEL = "-O";
				VALIDATE_PRODUCT = YES;
			};
			name = Release;
		};
		265517DA2A29AC7400850167 /* Debug */ = {
			isa = XCBuildConfiguration;
			buildSettings = {
				ASSETCATALOG_COMPILER_APPICON_NAME = AppIcon;
				ASSETCATALOG_COMPILER_GLOBAL_ACCENT_COLOR_NAME = AccentColor;
				CODE_SIGN_STYLE = Automatic;
				CURRENT_PROJECT_VERSION = 1;
				DEVELOPMENT_ASSET_PATHS = "\"Ex_SwiftUI/Preview Content\"";
				DEVELOPMENT_TEAM = W7588LM9FP;
				ENABLE_PREVIEWS = YES;
				GENERATE_INFOPLIST_FILE = YES;
				INFOPLIST_KEY_UIApplicationSceneManifest_Generation = YES;
				INFOPLIST_KEY_UIApplicationSupportsIndirectInputEvents = YES;
				INFOPLIST_KEY_UILaunchScreen_Generation = YES;
				INFOPLIST_KEY_UISupportedInterfaceOrientations_iPad = "UIInterfaceOrientationPortrait UIInterfaceOrientationPortraitUpsideDown UIInterfaceOrientationLandscapeLeft UIInterfaceOrientationLandscapeRight";
				INFOPLIST_KEY_UISupportedInterfaceOrientations_iPhone = "UIInterfaceOrientationPortrait UIInterfaceOrientationLandscapeLeft UIInterfaceOrientationLandscapeRight";
				LD_RUNPATH_SEARCH_PATHS = (
					"$(inherited)",
					"@executable_path/Frameworks",
				);
				MARKETING_VERSION = 1.0;
				PRODUCT_BUNDLE_IDENTIFIER = "com.Schro.Ex-SwiftUI";
				PRODUCT_NAME = "$(TARGET_NAME)";
				SWIFT_EMIT_LOC_STRINGS = YES;
				SWIFT_VERSION = 5.0;
				TARGETED_DEVICE_FAMILY = "1,2";
			};
			name = Debug;
		};
		265517DB2A29AC7400850167 /* Release */ = {
			isa = XCBuildConfiguration;
			buildSettings = {
				ASSETCATALOG_COMPILER_APPICON_NAME = AppIcon;
				ASSETCATALOG_COMPILER_GLOBAL_ACCENT_COLOR_NAME = AccentColor;
				CODE_SIGN_STYLE = Automatic;
				CURRENT_PROJECT_VERSION = 1;
				DEVELOPMENT_ASSET_PATHS = "\"Ex_SwiftUI/Preview Content\"";
				DEVELOPMENT_TEAM = W7588LM9FP;
				ENABLE_PREVIEWS = YES;
				GENERATE_INFOPLIST_FILE = YES;
				INFOPLIST_KEY_UIApplicationSceneManifest_Generation = YES;
				INFOPLIST_KEY_UIApplicationSupportsIndirectInputEvents = YES;
				INFOPLIST_KEY_UILaunchScreen_Generation = YES;
				INFOPLIST_KEY_UISupportedInterfaceOrientations_iPad = "UIInterfaceOrientationPortrait UIInterfaceOrientationPortraitUpsideDown UIInterfaceOrientationLandscapeLeft UIInterfaceOrientationLandscapeRight";
				INFOPLIST_KEY_UISupportedInterfaceOrientations_iPhone = "UIInterfaceOrientationPortrait UIInterfaceOrientationLandscapeLeft UIInterfaceOrientationLandscapeRight";
				LD_RUNPATH_SEARCH_PATHS = (
					"$(inherited)",
					"@executable_path/Frameworks",
				);
				MARKETING_VERSION = 1.0;
				PRODUCT_BUNDLE_IDENTIFIER = "com.Schro.Ex-SwiftUI";
				PRODUCT_NAME = "$(TARGET_NAME)";
				SWIFT_EMIT_LOC_STRINGS = YES;
				SWIFT_VERSION = 5.0;
				TARGETED_DEVICE_FAMILY = "1,2";
			};
			name = Release;
		};
		265517DD2A29AC7400850167 /* Debug */ = {
			isa = XCBuildConfiguration;
			buildSettings = {
				ALWAYS_EMBED_SWIFT_STANDARD_LIBRARIES = YES;
				BUNDLE_LOADER = "$(TEST_HOST)";
				CODE_SIGN_STYLE = Automatic;
				CURRENT_PROJECT_VERSION = 1;
				DEVELOPMENT_TEAM = W7588LM9FP;
				GENERATE_INFOPLIST_FILE = YES;
				IPHONEOS_DEPLOYMENT_TARGET = 16.4;
				MARKETING_VERSION = 1.0;
				PRODUCT_BUNDLE_IDENTIFIER = "com.Schro.Ex-SwiftUITests";
				PRODUCT_NAME = "$(TARGET_NAME)";
				SWIFT_EMIT_LOC_STRINGS = NO;
				SWIFT_VERSION = 5.0;
				TARGETED_DEVICE_FAMILY = "1,2";
				TEST_HOST = "$(BUILT_PRODUCTS_DIR)/Ex_SwiftUI.app/$(BUNDLE_EXECUTABLE_FOLDER_PATH)/Ex_SwiftUI";
			};
			name = Debug;
		};
		265517DE2A29AC7400850167 /* Release */ = {
			isa = XCBuildConfiguration;
			buildSettings = {
				ALWAYS_EMBED_SWIFT_STANDARD_LIBRARIES = YES;
				BUNDLE_LOADER = "$(TEST_HOST)";
				CODE_SIGN_STYLE = Automatic;
				CURRENT_PROJECT_VERSION = 1;
				DEVELOPMENT_TEAM = W7588LM9FP;
				GENERATE_INFOPLIST_FILE = YES;
				IPHONEOS_DEPLOYMENT_TARGET = 16.4;
				MARKETING_VERSION = 1.0;
				PRODUCT_BUNDLE_IDENTIFIER = "com.Schro.Ex-SwiftUITests";
				PRODUCT_NAME = "$(TARGET_NAME)";
				SWIFT_EMIT_LOC_STRINGS = NO;
				SWIFT_VERSION = 5.0;
				TARGETED_DEVICE_FAMILY = "1,2";
				TEST_HOST = "$(BUILT_PRODUCTS_DIR)/Ex_SwiftUI.app/$(BUNDLE_EXECUTABLE_FOLDER_PATH)/Ex_SwiftUI";
			};
			name = Release;
		};
		265517E02A29AC7400850167 /* Debug */ = {
			isa = XCBuildConfiguration;
			buildSettings = {
				ALWAYS_EMBED_SWIFT_STANDARD_LIBRARIES = YES;
				CODE_SIGN_STYLE = Automatic;
				CURRENT_PROJECT_VERSION = 1;
				DEVELOPMENT_TEAM = W7588LM9FP;
				GENERATE_INFOPLIST_FILE = YES;
				MARKETING_VERSION = 1.0;
				PRODUCT_BUNDLE_IDENTIFIER = "com.Schro.Ex-SwiftUIUITests";
				PRODUCT_NAME = "$(TARGET_NAME)";
				SWIFT_EMIT_LOC_STRINGS = NO;
				SWIFT_VERSION = 5.0;
				TARGETED_DEVICE_FAMILY = "1,2";
				TEST_TARGET_NAME = Ex_SwiftUI;
			};
			name = Debug;
		};
		265517E12A29AC7400850167 /* Release */ = {
			isa = XCBuildConfiguration;
			buildSettings = {
				ALWAYS_EMBED_SWIFT_STANDARD_LIBRARIES = YES;
				CODE_SIGN_STYLE = Automatic;
				CURRENT_PROJECT_VERSION = 1;
				DEVELOPMENT_TEAM = W7588LM9FP;
				GENERATE_INFOPLIST_FILE = YES;
				MARKETING_VERSION = 1.0;
				PRODUCT_BUNDLE_IDENTIFIER = "com.Schro.Ex-SwiftUIUITests";
				PRODUCT_NAME = "$(TARGET_NAME)";
				SWIFT_EMIT_LOC_STRINGS = NO;
				SWIFT_VERSION = 5.0;
				TARGETED_DEVICE_FAMILY = "1,2";
				TEST_TARGET_NAME = Ex_SwiftUI;
			};
			name = Release;
		};
/* End XCBuildConfiguration section */

/* Begin XCConfigurationList section */
		265517B02A29AC7200850167 /* Build configuration list for PBXProject "Ex_SwiftUI" */ = {
			isa = XCConfigurationList;
			buildConfigurations = (
				265517D72A29AC7400850167 /* Debug */,
				265517D82A29AC7400850167 /* Release */,
			);
			defaultConfigurationIsVisible = 0;
			defaultConfigurationName = Release;
		};
		265517D92A29AC7400850167 /* Build configuration list for PBXNativeTarget "Ex_SwiftUI" */ = {
			isa = XCConfigurationList;
			buildConfigurations = (
				265517DA2A29AC7400850167 /* Debug */,
				265517DB2A29AC7400850167 /* Release */,
			);
			defaultConfigurationIsVisible = 0;
			defaultConfigurationName = Release;
		};
		265517DC2A29AC7400850167 /* Build configuration list for PBXNativeTarget "Ex_SwiftUITests" */ = {
			isa = XCConfigurationList;
			buildConfigurations = (
				265517DD2A29AC7400850167 /* Debug */,
				265517DE2A29AC7400850167 /* Release */,
			);
			defaultConfigurationIsVisible = 0;
			defaultConfigurationName = Release;
		};
		265517DF2A29AC7400850167 /* Build configuration list for PBXNativeTarget "Ex_SwiftUIUITests" */ = {
			isa = XCConfigurationList;
			buildConfigurations = (
				265517E02A29AC7400850167 /* Debug */,
				265517E12A29AC7400850167 /* Release */,
			);
			defaultConfigurationIsVisible = 0;
			defaultConfigurationName = Release;
		};
/* End XCConfigurationList section */
	};
	rootObject = 265517AD2A29AC7200850167 /* Project object */;
}
